# This file is automatically @generated by Cargo.
# It is not intended for manual editing.
[[package]]
name = "abi"
version = "0.1.0"
dependencies = [
 "bitflags",
 "byteorder",
 "serde",
 "zerocopy",
]

[[package]]
name = "ansi_term"
version = "0.11.0"
source = "registry+https://github.com/rust-lang/crates.io-index"
checksum = "ee49baf6cb617b853aa8d93bf420db2383fab46d314482ca2803b40d5fde979b"
dependencies = [
 "winapi",
]

[[package]]
name = "atty"
version = "0.2.14"
source = "registry+https://github.com/rust-lang/crates.io-index"
checksum = "d9b39be18770d11421cdb1b9947a45dd3f37e93092cbf377614828a319d5fee8"
dependencies = [
 "hermit-abi",
 "libc",
 "winapi",
]

[[package]]
name = "autocfg"
version = "1.0.0"
source = "registry+https://github.com/rust-lang/crates.io-index"
checksum = "f8aac770f1885fd7e387acedd76065302551364496e46b3dd00860b2f8359b9d"

[[package]]
name = "backtrace"
version = "0.3.46"
source = "registry+https://github.com/rust-lang/crates.io-index"
checksum = "b1e692897359247cc6bb902933361652380af0f1b7651ae5c5013407f30e109e"
dependencies = [
 "backtrace-sys",
 "cfg-if",
 "libc",
 "rustc-demangle",
]

[[package]]
name = "backtrace-sys"
version = "0.1.36"
source = "registry+https://github.com/rust-lang/crates.io-index"
checksum = "78848718ee1255a2485d1309ad9cdecfc2e7d0362dd11c6829364c6b35ae1bc7"
dependencies = [
 "cc",
 "libc",
]

[[package]]
name = "bare-metal"
version = "0.2.5"
source = "registry+https://github.com/rust-lang/crates.io-index"
checksum = "5deb64efa5bd81e31fcd1938615a6d98c82eafcbcd787162b6f63b91d6bac5b3"
dependencies = [
 "rustc_version",
]

[[package]]
name = "bitfield"
version = "0.13.2"
source = "registry+https://github.com/rust-lang/crates.io-index"
checksum = "46afbd2983a5d5a7bd740ccb198caf5b82f45c40c09c0eed36052d91cb92e719"

[[package]]
name = "bitflags"
version = "1.2.1"
source = "registry+https://github.com/rust-lang/crates.io-index"
checksum = "cf1de2fe8c75bc145a2f577add951f8134889b4795d47466a54a5c846d691693"

[[package]]
name = "byteorder"
version = "1.3.4"
source = "registry+https://github.com/rust-lang/crates.io-index"
checksum = "08c48aae112d48ed9f069b33538ea9e3e90aa263cfa3d1c24309612b1f7472de"

[[package]]
name = "cc"
version = "1.0.52"
source = "registry+https://github.com/rust-lang/crates.io-index"
checksum = "c3d87b23d6a92cd03af510a5ade527033f6aa6fa92161e2d5863a907d4c5e31d"

[[package]]
name = "cfg-if"
version = "0.1.10"
source = "registry+https://github.com/rust-lang/crates.io-index"
checksum = "4785bdd1c96b2a846b2bd7cc02e86b6b3dbf14e7e53446c4f54c92a361040822"

[[package]]
name = "clap"
version = "2.33.0"
source = "registry+https://github.com/rust-lang/crates.io-index"
checksum = "5067f5bb2d80ef5d68b4c87db81601f0b75bca627bc2ef76b141d7b846a3c6d9"
dependencies = [
 "ansi_term",
 "atty",
 "bitflags",
 "strsim",
 "textwrap",
 "unicode-width",
 "vec_map",
]

[[package]]
name = "cortex-m"
version = "0.6.2"
source = "git+https://github.com/oxidecomputer/cortex-m.git?branch=itm-reserved-bits#705812c80f9bb267d3c0162d52dfd43dec9302f3"
dependencies = [
 "bare-metal",
 "bitfield",
 "volatile-register",
]

[[package]]
name = "cortex-m-rt"
version = "0.6.12"
source = "registry+https://github.com/rust-lang/crates.io-index"
checksum = "00d518da72bba39496024b62607c1d8e37bcece44b2536664f1132a73a499a28"
dependencies = [
 "cortex-m-rt-macros",
 "r0 0.2.2",
]

[[package]]
name = "cortex-m-rt-macros"
version = "0.1.8"
source = "registry+https://github.com/rust-lang/crates.io-index"
checksum = "4717562afbba06e760d34451919f5c3bf3ac15c7bb897e8b04862a7428378647"
dependencies = [
 "proc-macro2",
 "quote",
 "syn",
]

[[package]]
name = "cortex-m-semihosting"
version = "0.3.5"
source = "registry+https://github.com/rust-lang/crates.io-index"
checksum = "113ef0ecffee2b62b58f9380f4469099b30e9f9cbee2804771b4203ba1762cfa"
dependencies = [
 "cortex-m",
]

[[package]]
name = "demo"
version = "0.1.0"
dependencies = [
 "cortex-m",
 "cortex-m-rt",
 "cortex-m-semihosting",
 "kern",
 "panic-halt",
 "panic-itm",
 "panic-semihosting",
 "serde",
 "serde_json",
 "stm32f4",
 "which",
]

[[package]]
name = "demo-stm32h7"
version = "0.1.0"
dependencies = [
 "cortex-m",
 "cortex-m-rt",
 "cortex-m-semihosting",
 "kern",
 "panic-halt",
 "panic-itm",
 "panic-semihosting",
 "serde",
 "serde_json",
 "stm32h7",
 "which",
]

[[package]]
name = "drv-lpc55-gpio"
version = "0.1.0"
dependencies = [
 "cortex-m-semihosting",
 "lpc55-pac",
 "num-traits",
 "userlib",
 "zerocopy",
]

[[package]]
name = "drv-lpc55-i2c"
version = "0.1.0"
dependencies = [
 "cortex-m-semihosting",
 "drv-lpc55-syscon-api",
 "lpc55-pac",
 "num-traits",
 "userlib",
 "zerocopy",
]

[[package]]
name = "drv-lpc55-syscon"
version = "0.1.0"
dependencies = [
 "cortex-m",
 "lpc55-pac",
 "num-traits",
 "userlib",
 "zerocopy",
]

[[package]]
name = "drv-lpc55-syscon-api"
version = "0.1.0"
dependencies = [
 "num-traits",
 "userlib",
 "zerocopy",
]

[[package]]
name = "drv-lpc55-usart"
version = "0.1.0"
dependencies = [
 "cortex-m-semihosting",
 "lpc55-pac",
 "userlib",
 "zerocopy",
]

[[package]]
name = "drv-stm32f4-rcc"
version = "0.1.0"
dependencies = [
 "num-traits",
 "stm32f4",
 "userlib",
 "zerocopy",
]

[[package]]
name = "drv-stm32f4-usart"
version = "0.1.0"
dependencies = [
 "num-traits",
 "stm32f4",
 "userlib",
 "zerocopy",
]

[[package]]
name = "drv-stm32h7-rcc"
version = "0.1.0"
dependencies = [
 "num-traits",
 "stm32h7",
 "userlib",
 "zerocopy",
]

[[package]]
name = "encode_unicode"
version = "0.3.6"
source = "registry+https://github.com/rust-lang/crates.io-index"
checksum = "a357d28ed41a50f9c765dbfe56cbc04a64e53e5fc58ba79fbc34c10ef3df831f"

[[package]]
name = "failure"
version = "0.1.7"
source = "registry+https://github.com/rust-lang/crates.io-index"
checksum = "b8529c2421efa3066a5cbd8063d2244603824daccb6936b079010bb2aa89464b"
dependencies = [
 "backtrace",
]

[[package]]
name = "goblin"
version = "0.2.1"
source = "registry+https://github.com/rust-lang/crates.io-index"
checksum = "ddd5e3132801a1ac34ac53b97acde50c4685414dd2f291b9ea52afa6f07468c8"
dependencies = [
 "log",
 "plain",
 "scroll",
]

[[package]]
name = "heck"
version = "0.3.1"
source = "registry+https://github.com/rust-lang/crates.io-index"
checksum = "20564e78d53d2bb135c343b3f47714a56af2061f1c928fdb541dc7b9fdd94205"
dependencies = [
 "unicode-segmentation",
]

[[package]]
name = "hermit-abi"
version = "0.1.12"
source = "registry+https://github.com/rust-lang/crates.io-index"
checksum = "61565ff7aaace3525556587bd2dc31d4a07071957be715e63ce7b1eccf51a8f4"
dependencies = [
 "libc",
]

[[package]]
name = "indexmap"
version = "1.3.2"
source = "registry+https://github.com/rust-lang/crates.io-index"
checksum = "076f042c5b7b98f31d205f1249267e12a6518c1481e9dae9764af19b707d2292"
dependencies = [
 "autocfg",
 "serde",
]

[[package]]
name = "itoa"
version = "0.4.5"
source = "registry+https://github.com/rust-lang/crates.io-index"
checksum = "b8b7a7c0c47db5545ed3fef7468ee7bb5b74691498139e4b3f6a20685dc6dd8e"

[[package]]
name = "kern"
version = "0.1.0"
dependencies = [
 "abi",
 "bitflags",
 "byteorder",
 "cfg-if",
 "cortex-m",
 "cortex-m-semihosting",
 "serde",
 "ssmarshal",
 "zerocopy",
]

[[package]]
name = "lazy_static"
version = "1.4.0"
source = "registry+https://github.com/rust-lang/crates.io-index"
checksum = "e2abad23fbc42b3700f2f279844dc832adb2b2eb069b2df918f455c4e18cc646"

[[package]]
name = "libc"
version = "0.2.69"
source = "registry+https://github.com/rust-lang/crates.io-index"
checksum = "99e85c08494b21a9054e7fe1374a732aeadaff3980b6990b94bfd3a70f690005"

[[package]]
name = "log"
version = "0.4.8"
source = "registry+https://github.com/rust-lang/crates.io-index"
checksum = "14b6052be84e6b71ab17edffc2eeabf5c2c3ae1fdb464aae35ac50c67a44e1f7"
dependencies = [
 "cfg-if",
]

[[package]]
name = "lpc55"
version = "0.1.0"
dependencies = [
 "cortex-m",
 "cortex-m-rt",
 "cortex-m-semihosting",
 "kern",
 "lpc55-pac",
 "panic-halt",
 "panic-itm",
 "panic-semihosting",
 "serde",
 "serde_json",
 "which",
]

[[package]]
name = "lpc55-pac"
version = "0.1.0"
source = "registry+https://github.com/rust-lang/crates.io-index"
checksum = "ec299cd97bd0b9bca8e1c478a42099d3f2290ef45be6ccfa7a840d7e17e53a30"
dependencies = [
 "bare-metal",
 "cortex-m",
 "vcell",
]

[[package]]
name = "num-derive"
version = "0.3.0"
source = "registry+https://github.com/rust-lang/crates.io-index"
checksum = "0c8b15b261814f992e33760b1fca9fe8b693d8a65299f20c9901688636cfb746"
dependencies = [
 "proc-macro2",
 "quote",
 "syn",
]

[[package]]
name = "num-traits"
version = "0.2.12"
source = "registry+https://github.com/rust-lang/crates.io-index"
checksum = "ac267bcc07f48ee5f8935ab0d24f316fb722d7a1292e2913f0cc196b29ffd611"
dependencies = [
 "autocfg",
]

[[package]]
name = "packager"
version = "0.1.0"
dependencies = [
 "clap",
 "goblin",
 "indexmap",
 "serde",
 "serde_json",
 "srec",
 "structopt",
 "toml",
]

[[package]]
name = "panic-halt"
version = "0.2.0"
source = "registry+https://github.com/rust-lang/crates.io-index"
checksum = "de96540e0ebde571dc55c73d60ef407c653844e6f9a1e2fdbd40c07b9252d812"

[[package]]
name = "panic-itm"
version = "0.4.1"
source = "registry+https://github.com/rust-lang/crates.io-index"
checksum = "98830d17a95587207e41edaa3009b143d326ce134b0e3538ac98246a67d66cc3"
dependencies = [
 "cortex-m",
]

[[package]]
name = "panic-semihosting"
version = "0.5.3"
source = "registry+https://github.com/rust-lang/crates.io-index"
checksum = "c03864ac862876c16a308f5286f4aa217f1a69ac45df87ad3cd2847f818a642c"
dependencies = [
 "cortex-m",
 "cortex-m-semihosting",
]

[[package]]
name = "plain"
version = "0.2.3"
source = "registry+https://github.com/rust-lang/crates.io-index"
checksum = "b4596b6d070b27117e987119b4dac604f3c58cfb0b191112e24771b2faeac1a6"

[[package]]
name = "proc-macro-error"
version = "1.0.2"
source = "registry+https://github.com/rust-lang/crates.io-index"
checksum = "98e9e4b82e0ef281812565ea4751049f1bdcdfccda7d3f459f2e138a40c08678"
dependencies = [
 "proc-macro-error-attr",
 "proc-macro2",
 "quote",
 "syn",
 "version_check",
]

[[package]]
name = "proc-macro-error-attr"
version = "1.0.2"
source = "registry+https://github.com/rust-lang/crates.io-index"
checksum = "4f5444ead4e9935abd7f27dc51f7e852a0569ac888096d5ec2499470794e2e53"
dependencies = [
 "proc-macro2",
 "quote",
 "syn",
 "syn-mid",
 "version_check",
]

[[package]]
name = "proc-macro2"
version = "1.0.10"
source = "registry+https://github.com/rust-lang/crates.io-index"
checksum = "df246d292ff63439fea9bc8c0a270bed0e390d5ebd4db4ba15aba81111b5abe3"
dependencies = [
 "unicode-xid",
]

[[package]]
name = "quote"
version = "1.0.3"
source = "registry+https://github.com/rust-lang/crates.io-index"
checksum = "2bdc6c187c65bca4260c9011c9e3132efe4909da44726bad24cf7572ae338d7f"
dependencies = [
 "proc-macro2",
]

[[package]]
name = "r0"
version = "0.2.2"
source = "registry+https://github.com/rust-lang/crates.io-index"
checksum = "e2a38df5b15c8d5c7e8654189744d8e396bddc18ad48041a500ce52d6948941f"

[[package]]
name = "r0"
version = "1.0.0"
source = "registry+https://github.com/rust-lang/crates.io-index"
checksum = "bd7a31eed1591dcbc95d92ad7161908e72f4677f8fabf2a32ca49b4237cbf211"

[[package]]
name = "rustc-demangle"
version = "0.1.16"
source = "registry+https://github.com/rust-lang/crates.io-index"
checksum = "4c691c0e608126e00913e33f0ccf3727d5fc84573623b8d65b2df340b5201783"

[[package]]
name = "rustc_version"
version = "0.2.3"
source = "registry+https://github.com/rust-lang/crates.io-index"
checksum = "138e3e0acb6c9fb258b19b67cb8abd63c00679d2851805ea151465464fe9030a"
dependencies = [
 "semver",
]

[[package]]
name = "ryu"
version = "1.0.4"
source = "registry+https://github.com/rust-lang/crates.io-index"
checksum = "ed3d612bc64430efeb3f7ee6ef26d590dce0c43249217bddc62112540c7941e1"

[[package]]
name = "scroll"
version = "0.10.1"
source = "registry+https://github.com/rust-lang/crates.io-index"
checksum = "abb2332cb595d33f7edd5700f4cbf94892e680c7f0ae56adab58a35190b66cb1"
dependencies = [
 "scroll_derive",
]

[[package]]
name = "scroll_derive"
version = "0.10.1"
source = "registry+https://github.com/rust-lang/crates.io-index"
checksum = "f8584eea9b9ff42825b46faf46a8c24d2cff13ec152fa2a50df788b87c07ee28"
dependencies = [
 "proc-macro2",
 "quote",
 "syn",
]

[[package]]
name = "semver"
version = "0.9.0"
source = "registry+https://github.com/rust-lang/crates.io-index"
checksum = "1d7eb9ef2c18661902cc47e535f9bc51b78acd254da71d375c2f6720d9a40403"
dependencies = [
 "semver-parser",
]

[[package]]
name = "semver-parser"
version = "0.7.0"
source = "registry+https://github.com/rust-lang/crates.io-index"
checksum = "388a1df253eca08550bef6c72392cfe7c30914bf41df5269b68cbd6ff8f570a3"

[[package]]
name = "serde"
version = "1.0.106"
source = "registry+https://github.com/rust-lang/crates.io-index"
checksum = "36df6ac6412072f67cf767ebbde4133a5b2e88e76dc6187fa7104cd16f783399"
dependencies = [
 "serde_derive",
]

[[package]]
name = "serde_derive"
version = "1.0.106"
source = "registry+https://github.com/rust-lang/crates.io-index"
checksum = "9e549e3abf4fb8621bd1609f11dfc9f5e50320802273b12f3811a67e6716ea6c"
dependencies = [
 "proc-macro2",
 "quote",
 "syn",
]

[[package]]
name = "serde_json"
version = "1.0.51"
source = "registry+https://github.com/rust-lang/crates.io-index"
checksum = "da07b57ee2623368351e9a0488bb0b261322a15a6e0ae53e243cbdc0f4208da9"
dependencies = [
 "itoa",
 "ryu",
 "serde",
]

[[package]]
name = "srec"
version = "0.1.2"
source = "registry+https://github.com/rust-lang/crates.io-index"
checksum = "0a9f5fe3743d9e8135b763161b44830973e95c1562926817862af8e12f7aad82"

[[package]]
name = "ssmarshal"
version = "1.0.0"
source = "registry+https://github.com/rust-lang/crates.io-index"
checksum = "f3e6ad23b128192ed337dfa4f1b8099ced0c2bf30d61e551b65fda5916dbb850"
dependencies = [
 "encode_unicode",
 "serde",
]

[[package]]
name = "stm32f4"
version = "0.10.0"
source = "registry+https://github.com/rust-lang/crates.io-index"
checksum = "44a3d6c58b14e63926273694e7dd644894513c5e35ce6928c4657ddb62cae976"
dependencies = [
 "bare-metal",
 "cortex-m",
 "cortex-m-rt",
 "vcell",
]

[[package]]
name = "stm32h7"
version = "0.11.0"
source = "git+https://github.com/stm32-rs/stm32-rs-nightlies#3a98a595ed9126ed7e9515c575fb753b60cb9391"
dependencies = [
 "bare-metal",
 "cortex-m",
 "cortex-m-rt",
 "vcell",
]

[[package]]
name = "strsim"
version = "0.8.0"
source = "registry+https://github.com/rust-lang/crates.io-index"
checksum = "8ea5119cdb4c55b55d432abb513a0429384878c15dde60cc77b1c99de1a95a6a"

[[package]]
name = "structopt"
version = "0.3.14"
source = "registry+https://github.com/rust-lang/crates.io-index"
checksum = "863246aaf5ddd0d6928dfeb1a9ca65f505599e4e1b399935ef7e75107516b4ef"
dependencies = [
 "clap",
 "lazy_static",
 "structopt-derive",
]

[[package]]
name = "structopt-derive"
version = "0.4.7"
source = "registry+https://github.com/rust-lang/crates.io-index"
checksum = "d239ca4b13aee7a2142e6795cbd69e457665ff8037aed33b3effdc430d2f927a"
dependencies = [
 "heck",
 "proc-macro-error",
 "proc-macro2",
 "quote",
 "syn",
]

[[package]]
name = "syn"
version = "1.0.17"
source = "registry+https://github.com/rust-lang/crates.io-index"
checksum = "0df0eb663f387145cab623dea85b09c2c5b4b0aef44e945d928e682fce71bb03"
dependencies = [
 "proc-macro2",
 "quote",
 "unicode-xid",
]

[[package]]
name = "syn-mid"
version = "0.5.0"
source = "registry+https://github.com/rust-lang/crates.io-index"
checksum = "7be3539f6c128a931cf19dcee741c1af532c7fd387baa739c03dd2e96479338a"
dependencies = [
 "proc-macro2",
 "quote",
 "syn",
]

[[package]]
name = "synstructure"
version = "0.12.3"
source = "registry+https://github.com/rust-lang/crates.io-index"
checksum = "67656ea1dc1b41b1451851562ea232ec2e5a80242139f7e679ceccfb5d61f545"
dependencies = [
 "proc-macro2",
 "quote",
 "syn",
 "unicode-xid",
]

[[package]]
name = "task-idle"
version = "0.1.0"
dependencies = [
 "cortex-m",
 "userlib",
]

[[package]]
name = "task-jefe"
version = "0.1.0"
dependencies = [
 "abi",
 "cortex-m",
 "cortex-m-semihosting",
 "stm32f4",
 "userlib",
 "zerocopy",
]

[[package]]
name = "task-ping"
version = "0.1.0"
dependencies = [
 "cortex-m",
 "stm32f4",
 "stm32h7",
 "userlib",
]

[[package]]
name = "task-pong"
version = "0.1.0"
dependencies = [
 "cortex-m",
 "cortex-m-semihosting",
 "lpc55-pac",
 "stm32f4",
 "stm32h7",
 "userlib",
 "zerocopy",
]

[[package]]
name = "task-spam"
version = "0.1.0"
dependencies = [
 "cortex-m-semihosting",
 "lpc55-pac",
 "userlib",
 "zerocopy",
]

[[package]]
name = "task-template"
version = "0.1.0"
dependencies = [
 "userlib",
]

[[package]]
name = "task-tests"
version = "0.1.0"
dependencies = [
 "cortex-m",
 "num-traits",
 "userlib",
 "zerocopy",
]

[[package]]
name = "tests-stm32f4"
version = "0.1.0"
dependencies = [
 "cortex-m",
 "cortex-m-rt",
 "cortex-m-semihosting",
 "kern",
 "panic-halt",
 "panic-itm",
 "panic-semihosting",
 "serde",
 "serde_json",
 "stm32f4",
 "which",
]

[[package]]
name = "textwrap"
version = "0.11.0"
source = "registry+https://github.com/rust-lang/crates.io-index"
checksum = "d326610f408c7a4eb6f51c37c330e496b08506c9457c9d34287ecc38809fb060"
dependencies = [
 "unicode-width",
]

[[package]]
name = "toml"
version = "0.5.6"
source = "registry+https://github.com/rust-lang/crates.io-index"
checksum = "ffc92d160b1eef40665be3a05630d003936a3bc7da7421277846c2613e92c71a"
dependencies = [
 "serde",
]

[[package]]
name = "unicode-segmentation"
version = "1.6.0"
source = "registry+https://github.com/rust-lang/crates.io-index"
checksum = "e83e153d1053cbb5a118eeff7fd5be06ed99153f00dbcd8ae310c5fb2b22edc0"

[[package]]
name = "unicode-width"
version = "0.1.7"
source = "registry+https://github.com/rust-lang/crates.io-index"
checksum = "caaa9d531767d1ff2150b9332433f32a24622147e5ebb1f26409d5da67afd479"

[[package]]
name = "unicode-xid"
version = "0.2.0"
source = "registry+https://github.com/rust-lang/crates.io-index"
checksum = "826e7639553986605ec5979c7dd957c7895e93eabed50ab2ffa7f6128a75097c"

[[package]]
name = "userlib"
version = "0.1.0"
dependencies = [
 "abi",
 "num-derive",
 "num-traits",
 "r0 1.0.0",
 "serde",
 "serde_json",
 "ssmarshal",
 "zerocopy",
]

[[package]]
name = "vcell"
version = "0.1.2"
source = "registry+https://github.com/rust-lang/crates.io-index"
checksum = "876e32dcadfe563a4289e994f7cb391197f362b6315dc45e8ba4aa6f564a4b3c"

[[package]]
name = "vec_map"
version = "0.8.1"
source = "registry+https://github.com/rust-lang/crates.io-index"
checksum = "05c78687fb1a80548ae3250346c3db86a80a7cdd77bda190189f2d0a0987c81a"

[[package]]
name = "version_check"
version = "0.9.1"
source = "registry+https://github.com/rust-lang/crates.io-index"
checksum = "078775d0255232fb988e6fccf26ddc9d1ac274299aaedcedce21c6f72cc533ce"

[[package]]
name = "volatile-register"
version = "0.2.0"
source = "registry+https://github.com/rust-lang/crates.io-index"
checksum = "0d67cb4616d99b940db1d6bd28844ff97108b498a6ca850e5b6191a532063286"
dependencies = [
 "vcell",
]

[[package]]
name = "which"
version = "3.1.1"
source = "registry+https://github.com/rust-lang/crates.io-index"
checksum = "d011071ae14a2f6671d0b74080ae0cd8ebf3a6f8c9589a2cd45f23126fe29724"
dependencies = [
 "failure",
 "libc",
]

[[package]]
name = "winapi"
version = "0.3.8"
source = "registry+https://github.com/rust-lang/crates.io-index"
checksum = "8093091eeb260906a183e6ae1abdba2ef5ef2257a21801128899c3fc699229c6"
dependencies = [
 "winapi-i686-pc-windows-gnu",
 "winapi-x86_64-pc-windows-gnu",
]

[[package]]
name = "winapi-i686-pc-windows-gnu"
version = "0.4.0"
source = "registry+https://github.com/rust-lang/crates.io-index"
checksum = "ac3b87c63620426dd9b991e5ce0329eff545bccbbb34f3be09ff6fb6ab51b7b6"

[[package]]
name = "winapi-x86_64-pc-windows-gnu"
version = "0.4.0"
source = "registry+https://github.com/rust-lang/crates.io-index"
checksum = "712e227841d057c1ee1cd2fb22fa7e5a5461ae8e48fa2ca79ec42cfc1931183f"

[[package]]
name = "zerocopy"
version = "0.3.0"
source = "registry+https://github.com/rust-lang/crates.io-index"
checksum = "6580539ad917b7c026220c4b3f2c08d52ce54d6ce0dc491e66002e35388fab46"
dependencies = [
 "byteorder",
 "zerocopy-derive",
]

[[package]]
name = "zerocopy-derive"
version = "0.2.0"
source = "registry+https://github.com/rust-lang/crates.io-index"
checksum = "d498dbd1fd7beb83c86709ae1c33ca50942889473473d287d56ce4770a18edfb"
dependencies = [
 "proc-macro2",
 "syn",
 "synstructure",
]
