# This file is automatically @generated by Cargo.
# It is not intended for manual editing.
version = 3

[[package]]
name = "CoreFoundation-sys"
version = "0.1.4"
source = "registry+https://github.com/rust-lang/crates.io-index"
checksum = "d0e9889e6db118d49d88d84728d0e964d973a5680befb5f85f55141beea5c20b"
dependencies = [
 "libc",
 "mach 0.1.2",
]

[[package]]
name = "IOKit-sys"
version = "0.1.5"
source = "registry+https://github.com/rust-lang/crates.io-index"
checksum = "99696c398cbaf669d2368076bdb3d627fb0ce51a26899d7c61228c5c0af3bf4a"
dependencies = [
 "CoreFoundation-sys",
 "libc",
 "mach 0.1.2",
]

[[package]]
name = "abi"
version = "0.1.0"
dependencies = [
 "bitflags",
 "byteorder",
 "serde",
 "zerocopy",
]

[[package]]
name = "adler"
version = "1.0.2"
source = "registry+https://github.com/rust-lang/crates.io-index"
checksum = "f26201604c87b1e01bd3d98f8d5d9a8fcbb815e8cedb41ffccbeb4bf593a35fe"

[[package]]
name = "aho-corasick"
version = "0.7.15"
source = "registry+https://github.com/rust-lang/crates.io-index"
checksum = "7404febffaa47dac81aa44dba71523c9d069b1bdc50a77db41195149e17f68e5"
dependencies = [
 "memchr",
]

[[package]]
name = "aligned"
version = "0.3.4"
source = "registry+https://github.com/rust-lang/crates.io-index"
checksum = "c19796bd8d477f1a9d4ac2465b464a8b1359474f06a96bb3cda650b4fca309bf"
dependencies = [
 "as-slice",
]

[[package]]
name = "ansi_term"
version = "0.11.0"
source = "registry+https://github.com/rust-lang/crates.io-index"
checksum = "ee49baf6cb617b853aa8d93bf420db2383fab46d314482ca2803b40d5fde979b"
dependencies = [
 "winapi",
]

[[package]]
name = "anyhow"
version = "1.0.40"
source = "registry+https://github.com/rust-lang/crates.io-index"
checksum = "28b2cd92db5cbd74e8e5028f7e27dd7aa3090e89e4f2a197cc7c8dfb69c7063b"

[[package]]
name = "as-slice"
version = "0.1.5"
source = "registry+https://github.com/rust-lang/crates.io-index"
checksum = "45403b49e3954a4b8428a0ac21a4b7afadccf92bfd96273f1a58cd4812496ae0"
dependencies = [
 "generic-array 0.12.4",
 "generic-array 0.13.3",
 "generic-array 0.14.4",
 "stable_deref_trait",
]

[[package]]
name = "atty"
version = "0.2.14"
source = "registry+https://github.com/rust-lang/crates.io-index"
checksum = "d9b39be18770d11421cdb1b9947a45dd3f37e93092cbf377614828a319d5fee8"
dependencies = [
 "hermit-abi",
 "libc",
 "winapi",
]

[[package]]
name = "autocfg"
version = "1.0.1"
source = "registry+https://github.com/rust-lang/crates.io-index"
checksum = "cdb031dd78e28731d87d56cc8ffef4a8f36ca26c38fe2de700543e627f8a464a"

[[package]]
name = "bare-metal"
version = "0.2.5"
source = "registry+https://github.com/rust-lang/crates.io-index"
checksum = "5deb64efa5bd81e31fcd1938615a6d98c82eafcbcd787162b6f63b91d6bac5b3"
dependencies = [
 "rustc_version",
]

[[package]]
name = "bitfield"
version = "0.13.2"
source = "registry+https://github.com/rust-lang/crates.io-index"
checksum = "46afbd2983a5d5a7bd740ccb198caf5b82f45c40c09c0eed36052d91cb92e719"

[[package]]
name = "bitflags"
version = "1.2.1"
source = "registry+https://github.com/rust-lang/crates.io-index"
checksum = "cf1de2fe8c75bc145a2f577add951f8134889b4795d47466a54a5c846d691693"

[[package]]
name = "bitvec"
version = "0.20.4"
source = "registry+https://github.com/rust-lang/crates.io-index"
checksum = "7774144344a4faa177370406a7ff5f1da24303817368584c6206c8303eb07848"
dependencies = [
 "funty",
 "radium",
 "tap",
 "wyz",
]

[[package]]
name = "block-buffer"
version = "0.9.0"
source = "registry+https://github.com/rust-lang/crates.io-index"
checksum = "4152116fd6e9dadb291ae18fc1ec3575ed6d84c29642d97890f4b4a3417297e4"
dependencies = [
 "generic-array 0.14.4",
]

[[package]]
name = "build-util"
version = "0.1.0"
dependencies = [
 "serde",
 "serde_json",
]

[[package]]
name = "byteorder"
version = "1.4.3"
source = "registry+https://github.com/rust-lang/crates.io-index"
checksum = "14c189c53d098945499cdfa7ecc63567cf3886b3332b312a5b4585d8d3a6a610"

[[package]]
name = "bzip2"
version = "0.3.3"
source = "registry+https://github.com/rust-lang/crates.io-index"
checksum = "42b7c3cbf0fa9c1b82308d57191728ca0256cb821220f4e2fd410a72ade26e3b"
dependencies = [
 "bzip2-sys",
 "libc",
]

[[package]]
name = "bzip2-sys"
version = "0.1.10+1.0.8"
source = "registry+https://github.com/rust-lang/crates.io-index"
checksum = "17fa3d1ac1ca21c5c4e36a97f3c3eb25084576f6fc47bf0139c1123434216c6c"
dependencies = [
 "cc",
 "libc",
 "pkg-config",
]

[[package]]
name = "cargo-platform"
version = "0.1.1"
source = "registry+https://github.com/rust-lang/crates.io-index"
checksum = "0226944a63d1bf35a3b5f948dd7c59e263db83695c9e8bffc4037de02e30f1d7"
dependencies = [
 "serde",
]

[[package]]
name = "cargo_metadata"
version = "0.12.3"
source = "registry+https://github.com/rust-lang/crates.io-index"
checksum = "7714a157da7991e23d90686b9524b9e12e0407a108647f52e9328f4b3d51ac7f"
dependencies = [
 "cargo-platform",
 "semver 0.11.0",
 "semver-parser 0.10.2",
 "serde",
 "serde_json",
]

[[package]]
name = "cc"
version = "1.0.67"
source = "registry+https://github.com/rust-lang/crates.io-index"
checksum = "e3c69b077ad434294d3ce9f1f6143a2a4b89a8a2d54ef813d85003a4fd1137fd"

[[package]]
name = "cfg-if"
version = "0.1.10"
source = "registry+https://github.com/rust-lang/crates.io-index"
checksum = "4785bdd1c96b2a846b2bd7cc02e86b6b3dbf14e7e53446c4f54c92a361040822"

[[package]]
name = "cfg-if"
version = "1.0.0"
source = "registry+https://github.com/rust-lang/crates.io-index"
checksum = "baf1de4339761588bc0619e3cbc0120ee582ebb74b53b4efbf79117bd2da40fd"

[[package]]
name = "clap"
version = "2.33.3"
source = "registry+https://github.com/rust-lang/crates.io-index"
checksum = "37e58ac78573c40708d45522f0d80fa2f01cc4f9b4e2bf749807255454312002"
dependencies = [
 "ansi_term",
 "atty",
 "bitflags",
 "strsim",
 "textwrap",
 "unicode-width",
 "vec_map",
]

[[package]]
name = "const-oid"
version = "0.4.5"
source = "registry+https://github.com/rust-lang/crates.io-index"
checksum = "9f6b64db6932c7e49332728e3a6bd82c6b7e16016607d20923b537c3bc4c0d5f"

[[package]]
name = "cortex-m"
version = "0.6.7"
source = "registry+https://github.com/rust-lang/crates.io-index"
checksum = "9075300b07c6a56263b9b582c214d0ff037b00d45ec9fde1cc711490c56f1bb9"
dependencies = [
 "aligned",
 "bare-metal",
 "bitfield",
 "cortex-m 0.7.2",
 "volatile-register",
]

[[package]]
name = "cortex-m"
version = "0.7.2"
source = "registry+https://github.com/rust-lang/crates.io-index"
checksum = "643a210c1bdc23d0db511e2a576082f4ff4dcae9d0c37f50b431b8f8439d6d6b"
dependencies = [
 "bare-metal",
 "bitfield",
 "embedded-hal",
 "volatile-register",
]

[[package]]
name = "cortex-m-rt"
version = "0.6.13"
source = "registry+https://github.com/rust-lang/crates.io-index"
checksum = "980c9d0233a909f355ed297ef122f257942de5e0a2cb1c39f60684b65bcb90fb"
dependencies = [
 "cortex-m-rt-macros",
 "r0",
]

[[package]]
name = "cortex-m-rt-macros"
version = "0.1.8"
source = "registry+https://github.com/rust-lang/crates.io-index"
checksum = "4717562afbba06e760d34451919f5c3bf3ac15c7bb897e8b04862a7428378647"
dependencies = [
 "proc-macro2",
 "quote 1.0.9",
 "syn 1.0.70",
]

[[package]]
name = "cortex-m-semihosting"
version = "0.3.7"
source = "registry+https://github.com/rust-lang/crates.io-index"
checksum = "6bffa6c1454368a6aa4811ae60964c38e6996d397ff8095a8b9211b1c1f749bc"
dependencies = [
 "cortex-m 0.7.2",
]

[[package]]
name = "cpuid-bool"
version = "0.1.2"
source = "registry+https://github.com/rust-lang/crates.io-index"
checksum = "8aebca1129a03dc6dc2b127edd729435bbc4a37e1d5f4d7513165089ceb02634"

[[package]]
name = "crc-any"
version = "2.3.9"
source = "registry+https://github.com/rust-lang/crates.io-index"
checksum = "0d98be01088633be44a2a82b55a96dca49b226d65297428a3c44d33de07528ff"
dependencies = [
 "debug-helper",
]

[[package]]
name = "crc32fast"
version = "1.2.1"
source = "registry+https://github.com/rust-lang/crates.io-index"
checksum = "81156fece84ab6a9f2afdb109ce3ae577e42b1228441eded99bd77f627953b1a"
dependencies = [
 "cfg-if 1.0.0",
]

[[package]]
name = "crypto-mac"
version = "0.10.0"
source = "registry+https://github.com/rust-lang/crates.io-index"
checksum = "4857fd85a0c34b3c3297875b747c1e02e06b6a0ea32dd892d8192b9ce0813ea6"
dependencies = [
 "generic-array 0.14.4",
 "subtle",
]

[[package]]
name = "ctrlc"
version = "3.1.9"
source = "registry+https://github.com/rust-lang/crates.io-index"
checksum = "232295399409a8b7ae41276757b5a1cc21032848d42bff2352261f958b3ca29a"
dependencies = [
 "nix 0.20.0",
 "winapi",
]

[[package]]
name = "debug-helper"
version = "0.3.11"
source = "registry+https://github.com/rust-lang/crates.io-index"
checksum = "4460596867846f73bddca51f7403b6a29f5315125be10a1640259b4db5b9494c"

[[package]]
name = "demo"
version = "0.1.0"
dependencies = [
 "cortex-m 0.7.2",
 "cortex-m-rt",
 "cortex-m-semihosting",
 "kern",
 "panic-halt",
 "panic-itm",
 "panic-semihosting",
 "stm32f4",
]

[[package]]
name = "demo-stm32h7"
version = "0.1.0"
dependencies = [
 "build-util",
 "cfg-if 0.1.10",
 "cortex-m 0.7.2",
 "cortex-m-rt",
 "cortex-m-semihosting",
 "kern",
 "panic-halt",
 "panic-itm",
 "panic-semihosting",
 "stm32h7 0.13.0",
]

[[package]]
name = "der"
version = "0.1.0"
source = "registry+https://github.com/rust-lang/crates.io-index"
checksum = "51f59c66c30bb7445c8320a5f9233e437e3572368099f25532a59054328899b4"
dependencies = [
 "const-oid",
]

[[package]]
name = "digest"
version = "0.9.0"
source = "registry+https://github.com/rust-lang/crates.io-index"
checksum = "d3dd60d1080a57a05ab032377049e0591415d2b31afd7028356dbf3cc6dcb066"
dependencies = [
 "generic-array 0.14.4",
]

[[package]]
name = "drv-i2c-api"
version = "0.1.0"
dependencies = [
 "num-traits",
 "userlib",
 "zerocopy",
]

[[package]]
name = "drv-i2c-devices"
version = "0.1.0"
dependencies = [
 "bitfield",
 "drv-i2c-api",
 "drv-onewire",
 "num-traits",
 "ringbuf",
 "userlib",
 "zerocopy",
]

[[package]]
name = "drv-lpc55-gpio"
version = "0.1.0"
dependencies = [
 "cortex-m-semihosting",
 "lpc55-pac",
 "num-traits",
 "userlib",
 "zerocopy",
]

[[package]]
name = "drv-lpc55-i2c"
version = "0.1.0"
dependencies = [
 "cortex-m-semihosting",
 "drv-lpc55-syscon-api",
 "lpc55-pac",
 "num-traits",
 "userlib",
 "zerocopy",
]

[[package]]
name = "drv-lpc55-rng"
version = "0.1.0"
dependencies = [
 "drv-lpc55-syscon-api",
 "lpc55-pac",
 "num-traits",
 "userlib",
 "zerocopy",
]

[[package]]
name = "drv-lpc55-spi"
version = "0.1.0"
dependencies = [
 "cortex-m-semihosting",
 "drv-lpc55-syscon-api",
 "lpc55-pac",
 "num-traits",
 "userlib",
 "zerocopy",
]

[[package]]
name = "drv-lpc55-spi-server"
version = "0.1.0"
dependencies = [
 "cortex-m-semihosting",
 "drv-lpc55-spi",
 "drv-lpc55-syscon-api",
 "lpc55-pac",
 "num-traits",
 "userlib",
 "zerocopy",
]

[[package]]
name = "drv-lpc55-syscon"
version = "0.1.0"
dependencies = [
 "cortex-m 0.7.2",
 "lpc55-pac",
 "num-traits",
 "userlib",
 "zerocopy",
]

[[package]]
name = "drv-lpc55-syscon-api"
version = "0.1.0"
dependencies = [
 "num-traits",
 "userlib",
 "zerocopy",
]

[[package]]
name = "drv-lpc55-usart"
version = "0.1.0"
dependencies = [
 "cortex-m-semihosting",
 "lpc55-pac",
 "userlib",
 "zerocopy",
]

[[package]]
name = "drv-onewire"
version = "0.1.0"
dependencies = [
 "num-traits",
 "userlib",
 "zerocopy",
]

[[package]]
name = "drv-onewire-devices"
version = "0.1.0"
dependencies = [
 "drv-onewire",
 "num-traits",
 "userlib",
 "zerocopy",
]

[[package]]
name = "drv-stm32f4-rcc"
version = "0.1.0"
dependencies = [
 "num-traits",
 "stm32f4",
 "userlib",
 "zerocopy",
]

[[package]]
name = "drv-stm32f4-usart"
version = "0.1.0"
dependencies = [
 "num-traits",
 "stm32f4",
 "userlib",
 "zerocopy",
]

[[package]]
name = "drv-stm32h7-gpio"
version = "0.1.0"
dependencies = [
 "byteorder",
 "drv-stm32h7-rcc-api",
 "num-traits",
 "stm32h7 0.13.0",
 "userlib",
 "zerocopy",
]

[[package]]
name = "drv-stm32h7-gpio-api"
version = "0.1.0"
dependencies = [
 "byteorder",
 "num-traits",
 "userlib",
 "zerocopy",
]

[[package]]
name = "drv-stm32h7-i2c"
version = "0.1.0"
dependencies = [
 "bitfield",
 "cfg-if 0.1.10",
 "cortex-m 0.7.2",
 "cortex-m-semihosting",
 "drv-i2c-api",
 "drv-stm32h7-gpio-api",
 "drv-stm32h7-rcc-api",
 "num-traits",
 "ringbuf",
 "stm32h7 0.11.0",
 "userlib",
 "zerocopy",
]

[[package]]
name = "drv-stm32h7-i2c-server"
version = "0.1.0"
dependencies = [
 "build-util",
 "cfg-if 0.1.10",
 "cortex-m 0.7.2",
 "cortex-m-semihosting",
 "drv-i2c-api",
 "drv-stm32h7-gpio-api",
 "drv-stm32h7-i2c",
 "drv-stm32h7-rcc-api",
 "fixedmap",
 "num-traits",
 "ringbuf",
 "stm32h7 0.11.0",
 "userlib",
]

[[package]]
name = "drv-stm32h7-rcc"
version = "0.1.0"
dependencies = [
 "num-traits",
 "stm32h7 0.13.0",
 "userlib",
 "zerocopy",
]

[[package]]
name = "drv-stm32h7-rcc-api"
version = "0.1.0"
dependencies = [
 "byteorder",
 "num-traits",
 "userlib",
 "zerocopy",
]

[[package]]
name = "drv-stm32h7-spi"
version = "0.1.0"
dependencies = [
 "num-traits",
 "stm32h7 0.13.0",
 "vcell",
 "zerocopy",
]

[[package]]
name = "drv-stm32h7-spi-server"
version = "0.1.0"
dependencies = [
 "cortex-m 0.7.2",
 "drv-stm32h7-gpio-api",
 "drv-stm32h7-rcc-api",
 "drv-stm32h7-spi",
 "num-traits",
 "stm32h7 0.13.0",
 "userlib",
 "zerocopy",
]

[[package]]
name = "drv-stm32h7-usart"
version = "0.1.0"
dependencies = [
 "drv-stm32h7-gpio-api",
 "drv-stm32h7-rcc-api",
 "num-traits",
 "stm32h7 0.13.0",
 "userlib",
 "zerocopy",
]

[[package]]
name = "drv-user-leds"
version = "0.1.0"
dependencies = [
 "build-util",
 "cfg-if 0.1.10",
 "drv-stm32h7-gpio-api",
 "lpc55-pac",
 "num-traits",
 "stm32f4",
 "userlib",
 "zerocopy",
]

[[package]]
name = "drv-user-leds-api"
version = "0.1.0"
dependencies = [
 "num-traits",
 "userlib",
 "zerocopy",
]

[[package]]
name = "ecdsa"
version = "0.10.2"
source = "git+https://github.com/oxidecomputer/RustCrypto_signatures.git?branch=oxide_branch#2378f91849e58a66a42e075f4468e977125d65a0"
dependencies = [
 "elliptic-curve",
 "hmac",
 "signature",
]

[[package]]
name = "elliptic-curve"
version = "0.8.3"
source = "git+https://github.com/oxidecomputer/RustCrypto_traits.git?branch=oxide_branch#a47ecc5a284111933aa825080c13316f5dd50f0b"
dependencies = [
 "bitvec",
 "digest",
 "ff",
 "generic-array 0.14.4",
 "group",
 "pkcs8",
 "rand_core",
 "subtle",
 "zeroize",
]

[[package]]
name = "embedded-hal"
version = "0.2.4"
source = "registry+https://github.com/rust-lang/crates.io-index"
checksum = "fa998ce59ec9765d15216393af37a58961ddcefb14c753b4816ba2191d865fcb"
dependencies = [
 "nb 0.1.3",
 "void",
]

[[package]]
name = "encode_unicode"
version = "0.3.6"
source = "registry+https://github.com/rust-lang/crates.io-index"
checksum = "a357d28ed41a50f9c765dbfe56cbc04a64e53e5fc58ba79fbc34c10ef3df831f"

[[package]]
name = "ff"
version = "0.8.0"
source = "git+https://github.com/oxidecomputer/ff.git?branch=bitvec_bump#8a5080efae830d2f7e4c32d3ff8d149f60624984"
dependencies = [
 "bitvec",
 "rand_core",
 "subtle",
]

[[package]]
name = "filetime"
version = "0.2.14"
source = "registry+https://github.com/rust-lang/crates.io-index"
checksum = "1d34cfa13a63ae058bfa601fe9e313bbdb3746427c1459185464ce0fcf62e1e8"
dependencies = [
 "cfg-if 1.0.0",
 "libc",
 "redox_syscall",
 "winapi",
]

[[package]]
name = "fixedmap"
version = "0.1.0"

[[package]]
name = "flate2"
version = "1.0.20"
source = "registry+https://github.com/rust-lang/crates.io-index"
checksum = "cd3aec53de10fe96d7d8c565eb17f2c687bb5518a2ec453b5b1252964526abe0"
dependencies = [
 "cfg-if 1.0.0",
 "crc32fast",
 "libc",
 "miniz_oxide",
]

[[package]]
name = "foreign-types"
version = "0.3.2"
source = "registry+https://github.com/rust-lang/crates.io-index"
checksum = "f6f339eb8adc052cd2ca78910fda869aefa38d22d5cb648e6485e4d3fc06f3b1"
dependencies = [
 "foreign-types-shared",
]

[[package]]
name = "foreign-types-shared"
version = "0.1.1"
source = "registry+https://github.com/rust-lang/crates.io-index"
checksum = "00b0228411908ca8685dba7fc2cdd70ec9990a6e753e89b6ac91a84c40fbaf4b"

[[package]]
name = "funty"
version = "1.1.0"
source = "registry+https://github.com/rust-lang/crates.io-index"
checksum = "fed34cd105917e91daa4da6b3728c47b068749d6a62c59811f06ed2ac71d9da7"

[[package]]
name = "gemini-bu"
version = "0.1.0"
dependencies = [
 "build-util",
 "cfg-if 0.1.10",
 "cortex-m 0.7.2",
 "cortex-m-rt",
 "cortex-m-semihosting",
 "kern",
 "panic-halt",
 "panic-itm",
 "panic-semihosting",
 "stm32h7 0.13.0",
]

[[package]]
name = "gemini-bu-rot"
version = "0.1.0"
dependencies = [
 "cortex-m 0.7.2",
 "cortex-m-rt",
 "cortex-m-semihosting",
 "kern",
 "lpc55-pac",
 "panic-halt",
 "panic-itm",
 "panic-semihosting",
]

[[package]]
name = "generic-array"
version = "0.12.4"
source = "registry+https://github.com/rust-lang/crates.io-index"
checksum = "ffdf9f34f1447443d37393cc6c2b8313aebddcd96906caf34e54c68d8e57d7bd"
dependencies = [
 "typenum",
]

[[package]]
name = "generic-array"
version = "0.13.3"
source = "registry+https://github.com/rust-lang/crates.io-index"
checksum = "f797e67af32588215eaaab8327027ee8e71b9dd0b2b26996aedf20c030fce309"
dependencies = [
 "typenum",
]

[[package]]
name = "generic-array"
version = "0.14.4"
source = "registry+https://github.com/rust-lang/crates.io-index"
checksum = "501466ecc8a30d1d3b7fc9229b122b2ce8ed6e9d9223f1138d4babb253e51817"
dependencies = [
 "typenum",
 "version_check",
]

[[package]]
name = "goblin"
version = "0.2.3"
source = "registry+https://github.com/rust-lang/crates.io-index"
checksum = "d20fd25aa456527ce4f544271ae4fea65d2eda4a6561ea56f39fb3ee4f7e3884"
dependencies = [
 "log",
 "plain",
 "scroll",
]

[[package]]
name = "group"
version = "0.8.0"
source = "git+https://github.com/oxidecomputer/group.git?branch=oxide_branch#2765948d91959e98093bb1629f8f3acc114f999b"
dependencies = [
 "ff",
 "rand_core",
 "subtle",
]

[[package]]
name = "hashbrown"
version = "0.9.1"
source = "registry+https://github.com/rust-lang/crates.io-index"
checksum = "d7afe4a420e3fe79967a00898cc1f4db7c8a49a9333a29f8a4bd76a253d5cd04"

[[package]]
name = "heck"
version = "0.3.2"
source = "registry+https://github.com/rust-lang/crates.io-index"
checksum = "87cbf45460356b7deeb5e3415b5563308c0a9b057c85e12b06ad551f98d0a6ac"
dependencies = [
 "unicode-segmentation",
]

[[package]]
name = "hermit-abi"
version = "0.1.18"
source = "registry+https://github.com/rust-lang/crates.io-index"
checksum = "322f4de77956e22ed0e5032c359a0f1273f1f7f0d79bfa3b8ffbc730d7fbcc5c"
dependencies = [
 "libc",
]

[[package]]
name = "hmac"
version = "0.10.1"
source = "registry+https://github.com/rust-lang/crates.io-index"
checksum = "c1441c6b1e930e2817404b5046f1f989899143a12bf92de603b69f4e0aee1e15"
dependencies = [
 "crypto-mac",
 "digest",
]

[[package]]
name = "indexmap"
version = "1.6.2"
source = "registry+https://github.com/rust-lang/crates.io-index"
checksum = "824845a0bf897a9042383849b02c1bc219c2383772efcd5c6f9766fa4b81aef3"
dependencies = [
 "autocfg",
 "hashbrown",
 "serde",
]

[[package]]
name = "itoa"
version = "0.4.7"
source = "registry+https://github.com/rust-lang/crates.io-index"
checksum = "dd25036021b0de88a0aff6b850051563c6516d0bf53f8638938edbb9de732736"

[[package]]
name = "kern"
version = "0.1.0"
dependencies = [
 "abi",
 "bitflags",
 "build-util",
 "byteorder",
 "cfg-if 0.1.10",
 "cortex-m 0.7.2",
 "cortex-m-semihosting",
 "serde",
 "ssmarshal",
 "zerocopy",
]

[[package]]
name = "lazy_static"
version = "1.4.0"
source = "registry+https://github.com/rust-lang/crates.io-index"
checksum = "e2abad23fbc42b3700f2f279844dc832adb2b2eb069b2df918f455c4e18cc646"

[[package]]
name = "libc"
version = "0.2.94"
source = "registry+https://github.com/rust-lang/crates.io-index"
checksum = "18794a8ad5b29321f790b55d93dfba91e125cb1a9edbd4f8e3150acc771c1a5e"

[[package]]
name = "libudev"
version = "0.2.0"
source = "registry+https://github.com/rust-lang/crates.io-index"
checksum = "ea626d3bdf40a1c5aee3bcd4f40826970cae8d80a8fec934c82a63840094dcfe"
dependencies = [
 "libc",
 "libudev-sys",
]

[[package]]
name = "libudev-sys"
version = "0.1.4"
source = "registry+https://github.com/rust-lang/crates.io-index"
checksum = "3c8469b4a23b962c1396b9b451dda50ef5b283e8dd309d69033475fa9b334324"
dependencies = [
 "libc",
 "pkg-config",
]

[[package]]
name = "log"
version = "0.4.14"
source = "registry+https://github.com/rust-lang/crates.io-index"
checksum = "51b9bbe6c47d51fc3e1a9b945965946b4c44142ab8792c50835a980d362c2710"
dependencies = [
 "cfg-if 1.0.0",
]

[[package]]
name = "lpc55"
version = "0.1.0"
dependencies = [
 "cortex-m 0.7.2",
 "cortex-m-rt",
 "cortex-m-semihosting",
 "kern",
 "lpc55-pac",
 "panic-halt",
 "panic-itm",
 "panic-semihosting",
]

[[package]]
name = "lpc55-pac"
version = "0.1.0"
source = "registry+https://github.com/rust-lang/crates.io-index"
checksum = "ec299cd97bd0b9bca8e1c478a42099d3f2290ef45be6ccfa7a840d7e17e53a30"
dependencies = [
 "bare-metal",
 "cortex-m 0.6.7",
 "vcell",
]

[[package]]
name = "lpc55_romapi"
version = "0.1.0"
dependencies = [
 "lpc55-pac",
 "num-derive",
 "num-traits",
]

[[package]]
name = "lpc55_support"
version = "0.1.0"
dependencies = [
 "anyhow",
 "byteorder",
 "crc-any",
 "ecdsa",
 "funty",
 "openssl",
 "p256",
 "packed_struct",
 "packed_struct_codegen",
 "parse_int",
 "serialport",
 "structopt",
]

[[package]]
name = "mach"
version = "0.1.2"
source = "registry+https://github.com/rust-lang/crates.io-index"
checksum = "2fd13ee2dd61cc82833ba05ade5a30bb3d63f7ced605ef827063c63078302de9"
dependencies = [
 "libc",
]

[[package]]
name = "mach"
version = "0.2.3"
source = "registry+https://github.com/rust-lang/crates.io-index"
checksum = "86dd2487cdfea56def77b88438a2c915fb45113c5319bfe7e14306ca4cd0b0e1"
dependencies = [
 "libc",
]

[[package]]
name = "membar"
version = "0.1.0"
dependencies = [
 "cfg-if 0.1.10",
]

[[package]]
name = "memchr"
version = "2.3.4"
source = "registry+https://github.com/rust-lang/crates.io-index"
checksum = "0ee1c47aaa256ecabcaea351eae4a9b01ef39ed810004e298d2511ed284b1525"

[[package]]
name = "miniz_oxide"
version = "0.4.4"
source = "registry+https://github.com/rust-lang/crates.io-index"
checksum = "a92518e98c078586bc6c934028adcca4c92a53d6a958196de835170a01d84e4b"
dependencies = [
 "adler",
 "autocfg",
]

[[package]]
name = "nb"
version = "0.1.3"
source = "registry+https://github.com/rust-lang/crates.io-index"
checksum = "801d31da0513b6ec5214e9bf433a77966320625a37860f910be265be6e18d06f"
dependencies = [
 "nb 1.0.0",
]

[[package]]
name = "nb"
version = "1.0.0"
source = "registry+https://github.com/rust-lang/crates.io-index"
checksum = "546c37ac5d9e56f55e73b677106873d9d9f5190605e41a856503623648488cae"

[[package]]
name = "nix"
version = "0.14.1"
source = "registry+https://github.com/rust-lang/crates.io-index"
checksum = "6c722bee1037d430d0f8e687bbdbf222f27cc6e4e68d5caf630857bb2b6dbdce"
dependencies = [
 "bitflags",
 "cc",
 "cfg-if 0.1.10",
 "libc",
 "void",
]

[[package]]
name = "nix"
version = "0.20.0"
source = "registry+https://github.com/rust-lang/crates.io-index"
checksum = "fa9b4819da1bc61c0ea48b63b7bc8604064dd43013e7cc325df098d49cd7c18a"
dependencies = [
 "bitflags",
 "cc",
 "cfg-if 1.0.0",
 "libc",
]

[[package]]
name = "num-derive"
version = "0.3.3"
source = "registry+https://github.com/rust-lang/crates.io-index"
checksum = "876a53fff98e03a936a674b29568b0e605f06b29372c2489ff4de23f1949743d"
dependencies = [
 "proc-macro2",
 "quote 1.0.9",
 "syn 1.0.70",
]

[[package]]
name = "num-traits"
version = "0.2.14"
source = "registry+https://github.com/rust-lang/crates.io-index"
checksum = "9a64b1ec5cda2586e284722486d802acf1f7dbdc623e2bfc57e65ca1cd099290"
dependencies = [
 "autocfg",
]

[[package]]
name = "once_cell"
version = "1.7.2"
source = "registry+https://github.com/rust-lang/crates.io-index"
checksum = "af8b08b04175473088b46763e51ee54da5f9a164bc162f615b91bc179dbf15a3"

[[package]]
name = "opaque-debug"
version = "0.3.0"
source = "registry+https://github.com/rust-lang/crates.io-index"
checksum = "624a8340c38c1b80fd549087862da4ba43e08858af025b236e509b6649fc13d5"

[[package]]
name = "openssl"
version = "0.10.33"
source = "registry+https://github.com/rust-lang/crates.io-index"
checksum = "a61075b62a23fef5a29815de7536d940aa35ce96d18ce0cc5076272db678a577"
dependencies = [
 "bitflags",
 "cfg-if 1.0.0",
 "foreign-types",
 "libc",
 "once_cell",
 "openssl-sys",
]

[[package]]
name = "openssl-sys"
version = "0.9.61"
source = "registry+https://github.com/rust-lang/crates.io-index"
checksum = "313752393519e876837e09e1fa183ddef0be7735868dced3196f4472d536277f"
dependencies = [
 "autocfg",
 "cc",
 "libc",
 "pkg-config",
 "vcpkg",
]

[[package]]
name = "p256"
version = "0.7.1"
source = "git+https://github.com/oxidecomputer/elliptic-curves.git?branch=oxide_branch#eacde14f50c6c77157ac110929ca8241e14416b0"
dependencies = [
 "ecdsa",
 "elliptic-curve",
 "sha2",
]

[[package]]
name = "packed_struct"
version = "0.3.1"
source = "registry+https://github.com/rust-lang/crates.io-index"
checksum = "a2b10ffb18b58f1526c83ddce13aa6d935670d807fdb5de7e99cf2fbd1026cdf"
dependencies = [
 "serde",
 "serde_derive",
]

[[package]]
name = "packed_struct_codegen"
version = "0.3.1"
source = "registry+https://github.com/rust-lang/crates.io-index"
checksum = "aaea3fbcf6e7969629be7fdd47face66b29a2de055f35fe138e342fd93241f3d"
dependencies = [
 "packed_struct",
 "quote 0.3.15",
 "syn 0.11.11",
]

[[package]]
name = "panic-halt"
version = "0.2.0"
source = "registry+https://github.com/rust-lang/crates.io-index"
checksum = "de96540e0ebde571dc55c73d60ef407c653844e6f9a1e2fdbd40c07b9252d812"

[[package]]
name = "panic-itm"
version = "0.4.2"
source = "registry+https://github.com/rust-lang/crates.io-index"
checksum = "3d577d97d1b31268087b6dddf2470e6794ef5eee87d9dca7fcd0481695391a4c"
dependencies = [
 "cortex-m 0.7.2",
]

[[package]]
name = "panic-semihosting"
version = "0.5.6"
source = "registry+https://github.com/rust-lang/crates.io-index"
checksum = "c3d55dedd501dfd02514646e0af4d7016ce36bc12ae177ef52056989966a1eec"
dependencies = [
 "cortex-m 0.7.2",
 "cortex-m-semihosting",
]

[[package]]
name = "parse_int"
version = "0.4.0"
source = "registry+https://github.com/rust-lang/crates.io-index"
checksum = "82db48cac18f0963b10ddad303fa88447b95bbe0e6dbe3385f98402b63d0cc48"
dependencies = [
 "num-traits",
]

[[package]]
name = "path-slash"
version = "0.1.4"
source = "registry+https://github.com/rust-lang/crates.io-index"
checksum = "3cacbb3c4ff353b534a67fb8d7524d00229da4cb1dc8c79f4db96e375ab5b619"

[[package]]
name = "pest"
version = "2.1.3"
source = "registry+https://github.com/rust-lang/crates.io-index"
checksum = "10f4872ae94d7b90ae48754df22fd42ad52ce740b8f370b03da4835417403e53"
dependencies = [
 "ucd-trie",
]

[[package]]
name = "pkcs8"
version = "0.3.3"
source = "registry+https://github.com/rust-lang/crates.io-index"
checksum = "b4839a901843f3942576e65857f0ebf2e190ef7024d3c62a94099ba3f819ad1d"
dependencies = [
 "der",
]

[[package]]
name = "pkg-config"
version = "0.3.19"
source = "registry+https://github.com/rust-lang/crates.io-index"
checksum = "3831453b3449ceb48b6d9c7ad7c96d5ea673e9b470a1dc578c2ce6521230884c"

[[package]]
name = "plain"
version = "0.2.3"
source = "registry+https://github.com/rust-lang/crates.io-index"
checksum = "b4596b6d070b27117e987119b4dac604f3c58cfb0b191112e24771b2faeac1a6"

[[package]]
name = "podio"
version = "0.1.7"
source = "registry+https://github.com/rust-lang/crates.io-index"
checksum = "b18befed8bc2b61abc79a457295e7e838417326da1586050b919414073977f19"

[[package]]
name = "proc-macro-error"
version = "1.0.4"
source = "registry+https://github.com/rust-lang/crates.io-index"
checksum = "da25490ff9892aab3fcf7c36f08cfb902dd3e71ca0f9f9517bea02a73a5ce38c"
dependencies = [
 "proc-macro-error-attr",
 "proc-macro2",
 "quote 1.0.9",
 "syn 1.0.70",
 "version_check",
]

[[package]]
name = "proc-macro-error-attr"
version = "1.0.4"
source = "registry+https://github.com/rust-lang/crates.io-index"
checksum = "a1be40180e52ecc98ad80b184934baf3d0d29f979574e439af5a55274b35f869"
dependencies = [
 "proc-macro2",
 "quote 1.0.9",
 "version_check",
]

[[package]]
name = "proc-macro2"
version = "1.0.26"
source = "registry+https://github.com/rust-lang/crates.io-index"
checksum = "a152013215dca273577e18d2bf00fa862b89b24169fb78c4c95aeb07992c9cec"
dependencies = [
 "unicode-xid 0.2.1",
]

[[package]]
name = "quote"
version = "0.3.15"
source = "registry+https://github.com/rust-lang/crates.io-index"
checksum = "7a6e920b65c65f10b2ae65c831a81a073a89edd28c7cce89475bff467ab4167a"

[[package]]
name = "quote"
version = "1.0.9"
source = "registry+https://github.com/rust-lang/crates.io-index"
checksum = "c3d0b9745dc2debf507c8422de05d7226cc1f0644216dfdfead988f9b1ab32a7"
dependencies = [
 "proc-macro2",
]

[[package]]
name = "r0"
version = "0.2.2"
source = "registry+https://github.com/rust-lang/crates.io-index"
checksum = "e2a38df5b15c8d5c7e8654189744d8e396bddc18ad48041a500ce52d6948941f"

[[package]]
name = "radium"
version = "0.6.2"
source = "registry+https://github.com/rust-lang/crates.io-index"
checksum = "643f8f41a8ebc4c5dc4515c82bb8abd397b527fc20fd681b7c011c2aee5d44fb"

[[package]]
name = "rand_core"
version = "0.5.1"
source = "registry+https://github.com/rust-lang/crates.io-index"
checksum = "90bde5296fc891b0cef12a6d03ddccc162ce7b2aff54160af9338f8d40df6d19"

[[package]]
name = "redox_syscall"
version = "0.2.6"
source = "registry+https://github.com/rust-lang/crates.io-index"
checksum = "8270314b5ccceb518e7e578952f0b72b88222d02e8f77f5ecf7abbb673539041"
dependencies = [
 "bitflags",
]

[[package]]
name = "regex"
version = "1.4.6"
source = "registry+https://github.com/rust-lang/crates.io-index"
checksum = "2a26af418b574bd56588335b3a3659a65725d4e636eb1016c2f9e3b38c7cc759"
dependencies = [
 "aho-corasick",
 "memchr",
 "regex-syntax",
]

[[package]]
name = "regex-syntax"
version = "0.6.23"
source = "registry+https://github.com/rust-lang/crates.io-index"
checksum = "24d5f089152e60f62d28b835fbff2cd2e8dc0baf1ac13343bef92ab7eed84548"

[[package]]
name = "ringbuf"
version = "0.1.0"
dependencies = [
 "quote 1.0.9",
 "syn 1.0.70",
]

[[package]]
name = "rustc_version"
version = "0.2.3"
source = "registry+https://github.com/rust-lang/crates.io-index"
checksum = "138e3e0acb6c9fb258b19b67cb8abd63c00679d2851805ea151465464fe9030a"
dependencies = [
 "semver 0.9.0",
]

[[package]]
name = "ryu"
version = "1.0.5"
source = "registry+https://github.com/rust-lang/crates.io-index"
checksum = "71d301d4193d031abdd79ff7e3dd721168a9572ef3fe51a1517aba235bd8f86e"

[[package]]
name = "scroll"
version = "0.10.2"
source = "registry+https://github.com/rust-lang/crates.io-index"
checksum = "fda28d4b4830b807a8b43f7b0e6b5df875311b3e7621d84577188c175b6ec1ec"
dependencies = [
 "scroll_derive",
]

[[package]]
name = "scroll_derive"
version = "0.10.5"
source = "registry+https://github.com/rust-lang/crates.io-index"
checksum = "aaaae8f38bb311444cfb7f1979af0bc9240d95795f75f9ceddf6a59b79ceffa0"
dependencies = [
 "proc-macro2",
 "quote 1.0.9",
 "syn 1.0.70",
]

[[package]]
name = "semver"
version = "0.9.0"
source = "registry+https://github.com/rust-lang/crates.io-index"
checksum = "1d7eb9ef2c18661902cc47e535f9bc51b78acd254da71d375c2f6720d9a40403"
dependencies = [
 "semver-parser 0.7.0",
]

[[package]]
name = "semver"
version = "0.11.0"
source = "registry+https://github.com/rust-lang/crates.io-index"
checksum = "f301af10236f6df4160f7c3f04eec6dbc70ace82d23326abad5edee88801c6b6"
dependencies = [
 "semver-parser 0.10.2",
 "serde",
]

[[package]]
name = "semver-parser"
version = "0.7.0"
source = "registry+https://github.com/rust-lang/crates.io-index"
checksum = "388a1df253eca08550bef6c72392cfe7c30914bf41df5269b68cbd6ff8f570a3"

[[package]]
name = "semver-parser"
version = "0.10.2"
source = "registry+https://github.com/rust-lang/crates.io-index"
checksum = "00b0bef5b7f9e0df16536d3961cfb6e84331c065b4066afb39768d0e319411f7"
dependencies = [
 "pest",
]

[[package]]
name = "serde"
version = "1.0.125"
source = "registry+https://github.com/rust-lang/crates.io-index"
checksum = "558dc50e1a5a5fa7112ca2ce4effcb321b0300c0d4ccf0776a9f60cd89031171"
dependencies = [
 "serde_derive",
]

[[package]]
name = "serde_derive"
version = "1.0.125"
source = "registry+https://github.com/rust-lang/crates.io-index"
checksum = "b093b7a2bb58203b5da3056c05b4ec1fed827dcfdb37347a8841695263b3d06d"
dependencies = [
 "proc-macro2",
 "quote 1.0.9",
 "syn 1.0.70",
]

[[package]]
name = "serde_json"
version = "1.0.64"
source = "registry+https://github.com/rust-lang/crates.io-index"
checksum = "799e97dc9fdae36a5c8b8f2cae9ce2ee9fdce2058c57a93e6099d919fd982f79"
dependencies = [
 "itoa",
 "ryu",
 "serde",
]

[[package]]
name = "serialport"
version = "3.3.0"
source = "registry+https://github.com/rust-lang/crates.io-index"
checksum = "5b8d3ecaf58010bedccae17be55d4ed6f2ecde5646fc48ce8c66ea2d35a1419c"
dependencies = [
 "CoreFoundation-sys",
 "IOKit-sys",
 "bitflags",
 "cfg-if 0.1.10",
 "libudev",
 "mach 0.2.3",
 "nix 0.14.1",
 "regex",
 "winapi",
]

[[package]]
name = "sha2"
version = "0.9.3"
source = "registry+https://github.com/rust-lang/crates.io-index"
checksum = "fa827a14b29ab7f44778d14a88d3cb76e949c45083f7dbfa507d0cb699dc12de"
dependencies = [
 "block-buffer",
 "cfg-if 1.0.0",
 "cpuid-bool",
 "digest",
 "opaque-debug",
]

[[package]]
name = "signature"
version = "1.2.2"
source = "registry+https://github.com/rust-lang/crates.io-index"
checksum = "29f060a7d147e33490ec10da418795238fd7545bba241504d6b31a409f2e6210"
dependencies = [
 "digest",
 "rand_core",
]

[[package]]
name = "srec"
version = "0.2.0"
source = "registry+https://github.com/rust-lang/crates.io-index"
checksum = "17c3a0538ec242e3cd333cdcdc8b720faa2fa0a9d7f444cf1ff63e7d3303adfb"

[[package]]
name = "ssmarshal"
version = "1.0.0"
source = "registry+https://github.com/rust-lang/crates.io-index"
checksum = "f3e6ad23b128192ed337dfa4f1b8099ced0c2bf30d61e551b65fda5916dbb850"
dependencies = [
 "encode_unicode",
 "serde",
]

[[package]]
name = "stable_deref_trait"
version = "1.2.0"
source = "registry+https://github.com/rust-lang/crates.io-index"
checksum = "a8f112729512f8e442d81f95a8a7ddf2b7c6b8a1a6f509a95864142b30cab2d3"

[[package]]
name = "stm32f4"
version = "0.13.0"
source = "registry+https://github.com/rust-lang/crates.io-index"
checksum = "da3d56009c8f32e4f208dbea17df72484154d1040a8969b75d8c73eb7b18fe8f"
dependencies = [
 "bare-metal",
 "cortex-m 0.7.2",
 "cortex-m-rt",
 "vcell",
]

[[package]]
name = "stm32h7"
version = "0.11.0"
source = "git+https://github.com/oxidecomputer/stm32-rs-nightlies#0258085314efe2dca393f51cbe4362b37337ffdd"
dependencies = [
 "bare-metal",
 "cortex-m 0.6.7",
 "vcell",
]

[[package]]
name = "stm32h7"
version = "0.13.0"
source = "registry+https://github.com/rust-lang/crates.io-index"
checksum = "8b672c837e0ee8158ecc7fce0f9a948dd0693a9c588338e728d14b73307a0b7d"
dependencies = [
 "bare-metal",
 "cortex-m 0.7.2",
 "cortex-m-rt",
 "vcell",
]

[[package]]
name = "strsim"
version = "0.8.0"
source = "registry+https://github.com/rust-lang/crates.io-index"
checksum = "8ea5119cdb4c55b55d432abb513a0429384878c15dde60cc77b1c99de1a95a6a"

[[package]]
name = "structopt"
version = "0.3.21"
source = "registry+https://github.com/rust-lang/crates.io-index"
checksum = "5277acd7ee46e63e5168a80734c9f6ee81b1367a7d8772a2d765df2a3705d28c"
dependencies = [
 "clap",
 "lazy_static",
 "structopt-derive",
]

[[package]]
name = "structopt-derive"
version = "0.4.14"
source = "registry+https://github.com/rust-lang/crates.io-index"
checksum = "5ba9cdfda491b814720b6b06e0cac513d922fc407582032e8706e9f137976f90"
dependencies = [
 "heck",
 "proc-macro-error",
 "proc-macro2",
 "quote 1.0.9",
 "syn 1.0.70",
]

[[package]]
name = "subtle"
version = "2.4.0"
source = "registry+https://github.com/rust-lang/crates.io-index"
checksum = "1e81da0851ada1f3e9d4312c704aa4f8806f0f9d69faaf8df2f3464b4a9437c2"

[[package]]
name = "syn"
version = "0.11.11"
source = "registry+https://github.com/rust-lang/crates.io-index"
checksum = "d3b891b9015c88c576343b9b3e41c2c11a51c219ef067b264bd9c8aa9b441dad"
dependencies = [
 "quote 0.3.15",
 "synom",
 "unicode-xid 0.0.4",
]

[[package]]
name = "syn"
version = "1.0.70"
source = "registry+https://github.com/rust-lang/crates.io-index"
checksum = "b9505f307c872bab8eb46f77ae357c8eba1fdacead58ee5a850116b1d7f82883"
dependencies = [
 "proc-macro2",
 "quote 1.0.9",
 "unicode-xid 0.2.1",
]

[[package]]
name = "synom"
version = "0.11.3"
source = "registry+https://github.com/rust-lang/crates.io-index"
checksum = "a393066ed9010ebaed60b9eafa373d4b1baac186dd7e008555b0f702b51945b6"
dependencies = [
 "unicode-xid 0.0.4",
]

[[package]]
name = "synstructure"
version = "0.12.4"
source = "registry+https://github.com/rust-lang/crates.io-index"
checksum = "b834f2d66f734cb897113e34aaff2f1ab4719ca946f9a7358dba8f8064148701"
dependencies = [
 "proc-macro2",
 "quote 1.0.9",
 "syn 1.0.70",
 "unicode-xid 0.2.1",
]

[[package]]
name = "tap"
version = "1.0.1"
source = "registry+https://github.com/rust-lang/crates.io-index"
checksum = "55937e1799185b12863d447f42597ed69d9928686b8d88a1df17376a097d8369"

[[package]]
name = "task-i2c"
version = "0.1.0"
dependencies = [
 "cortex-m 0.7.2",
 "cortex-m-semihosting",
 "drv-i2c-api",
 "num-traits",
 "userlib",
 "zerocopy",
]

[[package]]
name = "task-idle"
version = "0.1.0"
dependencies = [
 "cortex-m 0.7.2",
 "userlib",
]

[[package]]
name = "task-jefe"
version = "0.1.0"
dependencies = [
 "abi",
 "cortex-m 0.7.2",
 "cortex-m-semihosting",
 "userlib",
 "zerocopy",
]

[[package]]
name = "task-ping"
version = "0.1.0"
dependencies = [
 "cortex-m 0.7.2",
 "drv-user-leds-api",
 "userlib",
]

[[package]]
name = "task-pong"
version = "0.1.0"
dependencies = [
 "cortex-m 0.7.2",
 "drv-user-leds-api",
 "userlib",
]

[[package]]
name = "task-spam"
version = "0.1.0"
dependencies = [
 "cortex-m-semihosting",
 "lpc55-pac",
 "userlib",
 "zerocopy",
]

[[package]]
name = "task-spd"
version = "0.1.0"
dependencies = [
 "build-util",
 "cfg-if 0.1.10",
 "cortex-m 0.7.2",
 "cortex-m-semihosting",
 "drv-i2c-api",
 "drv-stm32h7-gpio-api",
 "drv-stm32h7-i2c",
 "drv-stm32h7-rcc-api",
 "num-traits",
 "ringbuf",
 "stm32h7 0.11.0",
 "userlib",
]

[[package]]
name = "task-spi"
version = "0.1.0"
dependencies = [
 "build-util",
 "cfg-if 0.1.10",
 "cortex-m 0.7.2",
 "cortex-m-semihosting",
 "ringbuf",
 "userlib",
 "zerocopy",
]

[[package]]
name = "task-template"
version = "0.1.0"
dependencies = [
 "userlib",
]

[[package]]
name = "task-thermal"
version = "0.1.0"
dependencies = [
 "build-util",
 "cfg-if 0.1.10",
 "cortex-m 0.7.2",
 "cortex-m-semihosting",
 "drv-i2c-api",
 "drv-i2c-devices",
 "drv-onewire",
 "drv-onewire-devices",
 "ringbuf",
 "userlib",
 "zerocopy",
]

[[package]]
name = "test-api"
version = "0.1.0"
dependencies = [
 "num-traits",
 "userlib",
]

[[package]]
name = "test-assist"
version = "0.1.0"
dependencies = [
 "cortex-m 0.7.2",
 "num-traits",
 "test-api",
 "userlib",
 "zerocopy",
]

[[package]]
name = "test-runner"
version = "0.1.0"
dependencies = [
 "cortex-m 0.7.2",
 "num-traits",
 "test-api",
 "userlib",
 "zerocopy",
]

[[package]]
name = "test-suite"
version = "0.1.0"
dependencies = [
 "cortex-m 0.7.2",
 "num-traits",
 "test-api",
 "userlib",
 "zerocopy",
]

[[package]]
name = "tests-gemini-bu"
version = "0.1.0"
dependencies = [
 "build-util",
 "cfg-if 0.1.10",
 "cortex-m 0.7.2",
 "cortex-m-rt",
 "cortex-m-semihosting",
 "kern",
 "panic-halt",
 "panic-itm",
 "panic-semihosting",
 "stm32h7 0.13.0",
]

[[package]]
name = "tests-lpc55"
version = "0.1.0"
dependencies = [
 "cortex-m 0.7.2",
 "cortex-m-rt",
 "cortex-m-semihosting",
 "kern",
 "lpc55-pac",
 "panic-halt",
 "panic-itm",
 "panic-semihosting",
]

[[package]]
name = "tests-stm32f4"
version = "0.1.0"
dependencies = [
 "cortex-m 0.7.2",
 "cortex-m-rt",
 "cortex-m-semihosting",
 "kern",
 "panic-halt",
 "panic-itm",
 "panic-semihosting",
 "stm32f4",
]

[[package]]
name = "tests-stm32h7"
version = "0.1.0"
dependencies = [
 "build-util",
 "cfg-if 0.1.10",
 "cortex-m 0.7.2",
 "cortex-m-rt",
 "cortex-m-semihosting",
 "kern",
 "panic-halt",
 "panic-itm",
 "panic-semihosting",
 "stm32h7 0.13.0",
]

[[package]]
name = "textwrap"
version = "0.11.0"
source = "registry+https://github.com/rust-lang/crates.io-index"
checksum = "d326610f408c7a4eb6f51c37c330e496b08506c9457c9d34287ecc38809fb060"
dependencies = [
 "unicode-width",
]

[[package]]
name = "time"
version = "0.1.44"
source = "registry+https://github.com/rust-lang/crates.io-index"
checksum = "6db9e6914ab8b1ae1c260a4ae7a49b6c5611b40328a735b21862567685e73255"
dependencies = [
 "libc",
 "wasi",
 "winapi",
]

[[package]]
name = "toml"
version = "0.5.8"
source = "registry+https://github.com/rust-lang/crates.io-index"
checksum = "a31142970826733df8241ef35dc040ef98c679ab14d7c3e54d827099b3acecaa"
dependencies = [
 "serde",
]

[[package]]
name = "typenum"
version = "1.13.0"
source = "registry+https://github.com/rust-lang/crates.io-index"
checksum = "879f6906492a7cd215bfa4cf595b600146ccfac0c79bcbd1f3000162af5e8b06"

[[package]]
name = "ucd-trie"
version = "0.1.3"
source = "registry+https://github.com/rust-lang/crates.io-index"
checksum = "56dee185309b50d1f11bfedef0fe6d036842e3fb77413abef29f8f8d1c5d4c1c"

[[package]]
name = "unicode-segmentation"
version = "1.7.1"
source = "registry+https://github.com/rust-lang/crates.io-index"
checksum = "bb0d2e7be6ae3a5fa87eed5fb451aff96f2573d2694942e40543ae0bbe19c796"

[[package]]
name = "unicode-width"
version = "0.1.8"
source = "registry+https://github.com/rust-lang/crates.io-index"
checksum = "9337591893a19b88d8d87f2cec1e73fad5cdfd10e5a6f349f498ad6ea2ffb1e3"

[[package]]
name = "unicode-xid"
version = "0.0.4"
source = "registry+https://github.com/rust-lang/crates.io-index"
checksum = "8c1f860d7d29cf02cb2f3f359fd35991af3d30bac52c57d265a3c461074cb4dc"

[[package]]
name = "unicode-xid"
version = "0.2.1"
source = "registry+https://github.com/rust-lang/crates.io-index"
checksum = "f7fe0bb3479651439c9112f72b6c505038574c9fbb575ed1bf3b797fa39dd564"

[[package]]
name = "userlib"
version = "0.1.0"
dependencies = [
 "abi",
 "num-derive",
 "num-traits",
 "serde",
 "ssmarshal",
 "zerocopy",
]

[[package]]
name = "vcell"
version = "0.1.3"
source = "registry+https://github.com/rust-lang/crates.io-index"
checksum = "77439c1b53d2303b20d9459b1ade71a83c716e3f9c34f3228c00e6f185d6c002"

[[package]]
name = "vcpkg"
version = "0.2.12"
source = "registry+https://github.com/rust-lang/crates.io-index"
checksum = "cbdbff6266a24120518560b5dc983096efb98462e51d0d68169895b237be3e5d"

[[package]]
name = "vec_map"
version = "0.8.2"
source = "registry+https://github.com/rust-lang/crates.io-index"
checksum = "f1bddf1187be692e79c5ffeab891132dfb0f236ed36a43c7ed39f1165ee20191"

[[package]]
name = "version_check"
version = "0.9.3"
source = "registry+https://github.com/rust-lang/crates.io-index"
checksum = "5fecdca9a5291cc2b8dcf7dc02453fee791a280f3743cb0905f8822ae463b3fe"

[[package]]
name = "void"
version = "1.0.2"
source = "registry+https://github.com/rust-lang/crates.io-index"
checksum = "6a02e4885ed3bc0f2de90ea6dd45ebcbb66dacffe03547fadbb0eeae2770887d"

[[package]]
name = "volatile-register"
version = "0.2.0"
source = "registry+https://github.com/rust-lang/crates.io-index"
checksum = "0d67cb4616d99b940db1d6bd28844ff97108b498a6ca850e5b6191a532063286"
dependencies = [
 "vcell",
]

[[package]]
name = "wasi"
version = "0.10.0+wasi-snapshot-preview1"
source = "registry+https://github.com/rust-lang/crates.io-index"
checksum = "1a143597ca7c7793eff794def352d41792a93c481eb1042423ff7ff72ba2c31f"

[[package]]
name = "winapi"
version = "0.3.9"
source = "registry+https://github.com/rust-lang/crates.io-index"
checksum = "5c839a674fcd7a98952e593242ea400abe93992746761e38641405d28b00f419"
dependencies = [
 "winapi-i686-pc-windows-gnu",
 "winapi-x86_64-pc-windows-gnu",
]

[[package]]
name = "winapi-i686-pc-windows-gnu"
version = "0.4.0"
source = "registry+https://github.com/rust-lang/crates.io-index"
checksum = "ac3b87c63620426dd9b991e5ce0329eff545bccbbb34f3be09ff6fb6ab51b7b6"

[[package]]
name = "winapi-x86_64-pc-windows-gnu"
version = "0.4.0"
source = "registry+https://github.com/rust-lang/crates.io-index"
checksum = "712e227841d057c1ee1cd2fb22fa7e5a5461ae8e48fa2ca79ec42cfc1931183f"

[[package]]
name = "wyz"
version = "0.2.0"
source = "registry+https://github.com/rust-lang/crates.io-index"
checksum = "85e60b0d1b5f99db2556934e21937020776a5d31520bf169e851ac44e6420214"

[[package]]
name = "xtask"
version = "1.0.0"
dependencies = [
 "abi",
 "anyhow",
 "byteorder",
 "cargo_metadata",
 "ctrlc",
 "filetime",
 "goblin",
 "indexmap",
 "lpc55_support",
 "path-slash",
 "serde",
 "serde_json",
 "srec",
 "structopt",
 "toml",
 "zip",
]

[[package]]
name = "zerocopy"
version = "0.3.0"
source = "registry+https://github.com/rust-lang/crates.io-index"
checksum = "6580539ad917b7c026220c4b3f2c08d52ce54d6ce0dc491e66002e35388fab46"
dependencies = [
 "byteorder",
 "zerocopy-derive",
]

[[package]]
name = "zerocopy-derive"
version = "0.2.1"
source = "registry+https://github.com/rust-lang/crates.io-index"
checksum = "dc9c39e6d503229ffa00cc2954af4a751e6bbedf2a2c18e856eb3ece93d32495"
dependencies = [
 "proc-macro2",
 "syn 1.0.70",
 "synstructure",
]

[[package]]
name = "zeroize"
version = "1.3.0"
source = "registry+https://github.com/rust-lang/crates.io-index"
checksum = "4756f7db3f7b5574938c3eb1c117038b8e07f95ee6718c0efad4ac21508f1efd"

[[package]]
name = "zip"
version = "0.5.6"
source = "registry+https://github.com/rust-lang/crates.io-index"
checksum = "58287c28d78507f5f91f2a4cf1e8310e2c76fd4c6932f93ac60fd1ceb402db7d"
dependencies = [
 "bzip2",
 "crc32fast",
 "flate2",
 "podio",
 "time",
]
